
Microsoft Visual Studio Solution File, Format Version 12.00
# Visual Studio Version 17
VisualStudioVersion = 17.11.35222.181
MinimumVisualStudioVersion = 10.0.40219.1
Project("{FAE04EC0-301F-11D3-BF4B-00C04F79EFBC}") = "VAP_NetCoreApp.Web", "VAP_NetCoreApp.Web\VAP_NetCoreApp.Web.csproj", "{3A969EEB-07E4-4CC4-A845-2D232BCD4881}"
EndProject
Project("{FAE04EC0-301F-11D3-BF4B-00C04F79EFBC}") = "VAP_NetCoreApp.Models", "VAP_NetCoreApp.Models\VAP_NetCoreApp.Models.csproj", "{38D14474-1B61-46B6-97C7-3345FAFBB67C}"
EndProject
Global
	GlobalSection(SolutionConfigurationPlatforms) = preSolution
		Debug|Any CPU = Debug|Any CPU
		Release|Any CPU = Release|Any CPU
	EndGlobalSection
	GlobalSection(ProjectConfigurationPlatforms) = postSolution
		{3A969EEB-07E4-4CC4-A845-2D232BCD4881}.Debug|Any CPU.ActiveCfg = Debug|Any CPU
		{3A969EEB-07E4-4CC4-A845-2D232BCD4881}.Debug|Any CPU.Build.0 = Debug|Any CPU
		{3A969EEB-07E4-4CC4-A845-2D232BCD4881}.Release|Any CPU.ActiveCfg = Release|Any CPU
		{3A969EEB-07E4-4CC4-A845-2D232BCD4881}.Release|Any CPU.Build.0 = Release|Any CPU
		{38D14474-1B61-46B6-97C7-3345FAFBB67C}.Debug|Any CPU.ActiveCfg = Debug|Any CPU
		{38D14474-1B61-46B6-97C7-3345FAFBB67C}.Debug|Any CPU.Build.0 = Debug|Any CPU
		{38D14474-1B61-46B6-97C7-3345FAFBB67C}.Release|Any CPU.ActiveCfg = Release|Any CPU
		{38D14474-1B61-46B6-97C7-3345FAFBB67C}.Release|Any CPU.Build.0 = Release|Any CPU
	EndGlobalSection
	GlobalSection(SolutionProperties) = preSolution
		HideSolutionNode = FALSE
	EndGlobalSection
	GlobalSection(ExtensibilityGlobals) = postSolution
		SolutionGuid = {2BB20F63-BD06-407F-94A1-AC607DFF160D}
	EndGlobalSection
EndGlobal
